
Microsoft Visual Studio Solution File, Format Version 12.00
# Visual Studio Version 17
VisualStudioVersion = 17.9.34701.34
MinimumVisualStudioVersion = 10.0.40219.1
Project("{F184B08F-C81C-45F6-A57F-5ABD9991F28F}") = "ConsoleApp21", "ConsoleApp21\ConsoleApp21.vbproj", "{35423356-CDA7-4B40-9CFE-3EE1DBEF7551}"
EndProject
Global
	GlobalSection(SolutionConfigurationPlatforms) = preSolution
		Debug|Any CPU = Debug|Any CPU
		Release|Any CPU = Release|Any CPU
	EndGlobalSection
	GlobalSection(ProjectConfigurationPlatforms) = postSolution
		{35423356-CDA7-4B40-9CFE-3EE1DBEF7551}.Debug|Any CPU.ActiveCfg = Debug|Any CPU
		{35423356-CDA7-4B40-9CFE-3EE1DBEF7551}.Debug|Any CPU.Build.0 = Debug|Any CPU
		{35423356-CDA7-4B40-9CFE-3EE1DBEF7551}.Release|Any CPU.ActiveCfg = Release|Any CPU
		{35423356-CDA7-4B40-9CFE-3EE1DBEF7551}.Release|Any CPU.Build.0 = Release|Any CPU
	EndGlobalSection
	GlobalSection(SolutionProperties) = preSolution
		HideSolutionNode = FALSE
	EndGlobalSection
	GlobalSection(ExtensibilityGlobals) = postSolution
		SolutionGuid = {5DFC1B52-7EA8-4E66-A285-7317E0DFADEF}
	EndGlobalSection
EndGlobal
